
Microsoft Visual Studio Solution File, Format Version 12.00
# Visual Studio 14
VisualStudioVersion = 14.0.24720.0
MinimumVisualStudioVersion = 10.0.40219.1
Project("{2150E333-8FDC-42A3-9474-1A3956D46DE8}") = "Web", "Web", "{A42F8863-4C95-4EDB-911B-6E936158B24D}"
EndProject
Project("{FAE04EC0-301F-11D3-BF4B-00C04F79EFBC}") = "LPush.WebApi", "LPush.WebApi\LPush.WebApi.csproj", "{A5C97952-EF53-4403-80A7-54F12C09A1AA}"
EndProject
Project("{FAE04EC0-301F-11D3-BF4B-00C04F79EFBC}") = "LPush.Web", "LPush.Web\LPush.Web.csproj", "{9A924990-3A92-4053-8221-8463A711D5A3}"
EndProject
Project("{FAE04EC0-301F-11D3-BF4B-00C04F79EFBC}") = "LPush.Web.Admin", "LPush.Web.Admin\LPush.Web.Admin.csproj", "{A2BC3821-F5B1-4DBF-B303-F539D22954D2}"
EndProject
Project("{FAE04EC0-301F-11D3-BF4B-00C04F79EFBC}") = "LPush.Web.Framework", "LPush.Web.Framework\LPush.Web.Framework.csproj", "{23CB6DEC-7F0B-4C22-B8F5-E1588BF145C8}"
EndProject
Project("{2150E333-8FDC-42A3-9474-1A3956D46DE8}") = "Libraries", "Libraries", "{34A52EB5-914F-4E5F-AEEB-625912183AAB}"
EndProject
Project("{FAE04EC0-301F-11D3-BF4B-00C04F79EFBC}") = "LPush.Core", "LPush.Core\LPush.Core.csproj", "{B3FC511E-7D53-4543-B556-FB11D8DBA69F}"
EndProject
Project("{FAE04EC0-301F-11D3-BF4B-00C04F79EFBC}") = "LPush.Data", "LPush.Data\LPush.Data.csproj", "{A4B9AA59-B0AB-4EBD-BF07-B07875C35CC2}"
EndProject
Project("{2150E333-8FDC-42A3-9474-1A3956D46DE8}") = "Business", "Business", "{D74B9B15-40CF-4E76-9FD7-D0303F43580E}"
EndProject
Project("{FAE04EC0-301F-11D3-BF4B-00C04F79EFBC}") = "LPush.Service", "LPush.Service\LPush.Service.csproj", "{360AE916-5047-4CA8-80A4-6D0F7465CCB1}"
EndProject
Project("{FAE04EC0-301F-11D3-BF4B-00C04F79EFBC}") = "LPush.Model", "LPush.Model\LPush.Model.csproj", "{C0D730B4-3816-4629-9C58-7350DE03758F}"
EndProject
Project("{2150E333-8FDC-42A3-9474-1A3956D46DE8}") = "Document", "Document", "{B13BAA13-25A0-4C7E-899E-4D3804776227}"
	ProjectSection(SolutionItems) = preProject
		Document\凌风推送服务概要设计.docx = Document\凌风推送服务概要设计.docx
	EndProjectSection
EndProject
Project("{2150E333-8FDC-42A3-9474-1A3956D46DE8}") = "Server", "Server", "{8149B377-FEDD-46D9-9888-8F98186CED55}"
EndProject
Project("{FAE04EC0-301F-11D3-BF4B-00C04F79EFBC}") = "LPush.Exchange", "LPush.Exchange\LPush.Exchange.csproj", "{38D5E427-D798-4ED8-8639-EBA9FA2AFC4A}"
EndProject
Project("{2150E333-8FDC-42A3-9474-1A3956D46DE8}") = "RabbitMQ", "RabbitMQ", "{5102BFA0-DEA9-4782-BFEB-CAD6B69941E0}"
EndProject
Project("{FAE04EC0-301F-11D3-BF4B-00C04F79EFBC}") = "LPush.Queue.Server", "LPush.Queue.Server\LPush.Queue.Server.csproj", "{DEB9D02B-0E9E-4239-B2CD-9E5CF5E5029F}"
EndProject
Project("{FAE04EC0-301F-11D3-BF4B-00C04F79EFBC}") = "LPush.Queue.Client", "LPush.Queue.Client\LPush.Queue.Client.csproj", "{299714F2-01B3-42F5-9862-C6F92BEA1AAB}"
EndProject
Project("{FAE04EC0-301F-11D3-BF4B-00C04F79EFBC}") = "LPush.Queue.Broker", "LPush.Queue.Broker\LPush.Queue.Broker.csproj", "{06EF19E9-D14D-4022-AB6C-6702DD8B417C}"
EndProject
Project("{2150E333-8FDC-42A3-9474-1A3956D46DE8}") = "Test", "Test", "{5547B2A8-6782-4576-82FA-3405B4CC4B26}"
EndProject
Project("{FAE04EC0-301F-11D3-BF4B-00C04F79EFBC}") = "Demo.Test", "Demo.Test\Demo.Test.csproj", "{667D9915-BEE7-4635-94C9-F0FA798ADFA8}"
EndProject
Project("{2150E333-8FDC-42A3-9474-1A3956D46DE8}") = "Data", "Data", "{28BEAC02-96FE-431C-83F3-3EF672473EF8}"
EndProject
Project("{2150E333-8FDC-42A3-9474-1A3956D46DE8}") = "Web2.0", "Web2.0", "{DC24B6CA-4460-481D-A8DC-E603139B2CD7}"
EndProject
Project("{2150E333-8FDC-42A3-9474-1A3956D46DE8}") = "ZeroMQ", "ZeroMQ", "{1065A822-E3DB-40A7-A61B-5B16D5A251FD}"
EndProject
Project("{FAE04EC0-301F-11D3-BF4B-00C04F79EFBC}") = "LPush.WebApi2.0", "LPush.WebApi2.0\LPush.WebApi2.0.csproj", "{0C2401E5-BAC0-437E-9EBF-507F0167ADFE}"
EndProject
Project("{FAE04EC0-301F-11D3-BF4B-00C04F79EFBC}") = "LPush.Web2.0", "LPush.Web2.0\LPush.Web2.0.csproj", "{BEB9EBCF-1F5A-4748-9DEA-F12FF6F2216B}"
EndProject
Project("{FAE04EC0-301F-11D3-BF4B-00C04F79EFBC}") = "Generic2.0", "..\Common\Generic2.0\Generic2.0.csproj", "{6047B327-AB28-4625-94B3-50E5B5094C6D}"
EndProject
Project("{FAE04EC0-301F-11D3-BF4B-00C04F79EFBC}") = "LPush.RabbitMQ", "LPush.RabbitMQ\LPush.RabbitMQ.csproj", "{7287A45B-4DB7-4675-BCE3-AF8C4D8F8FEC}"
EndProject
Project("{FAE04EC0-301F-11D3-BF4B-00C04F79EFBC}") = "LPush.Web.Admin2.0", "LPush.Web.Admin2.0\LPush.Web.Admin2.0.csproj", "{9A45270F-D65F-402A-BE4A-9CB229ED3F5F}"
EndProject
Project("{FAE04EC0-301F-11D3-BF4B-00C04F79EFBC}") = "LPush.Data.EF", "LPush.Data.EF\LPush.Data.EF.csproj", "{86335666-B799-409A-9307-E7303AC0204B}"
EndProject
Project("{FAE04EC0-301F-11D3-BF4B-00C04F79EFBC}") = "LPush.Data.Repository", "LPush.Data.Repository\LPush.Data.Repository.csproj", "{B98FEFC8-6389-4533-9954-DE2BB76FFD10}"
EndProject
Global
	GlobalSection(SolutionConfigurationPlatforms) = preSolution
		Debug|Any CPU = Debug|Any CPU
		MonoDebug|Any CPU = MonoDebug|Any CPU
		MonoRelease|Any CPU = MonoRelease|Any CPU
		Release|Any CPU = Release|Any CPU
	EndGlobalSection
	GlobalSection(ProjectConfigurationPlatforms) = postSolution
		{A5C97952-EF53-4403-80A7-54F12C09A1AA}.Debug|Any CPU.ActiveCfg = Debug|Any CPU
		{A5C97952-EF53-4403-80A7-54F12C09A1AA}.Debug|Any CPU.Build.0 = Debug|Any CPU
		{A5C97952-EF53-4403-80A7-54F12C09A1AA}.MonoDebug|Any CPU.ActiveCfg = Debug|Any CPU
		{A5C97952-EF53-4403-80A7-54F12C09A1AA}.MonoDebug|Any CPU.Build.0 = Debug|Any CPU
		{A5C97952-EF53-4403-80A7-54F12C09A1AA}.MonoRelease|Any CPU.ActiveCfg = Release|Any CPU
		{A5C97952-EF53-4403-80A7-54F12C09A1AA}.MonoRelease|Any CPU.Build.0 = Release|Any CPU
		{A5C97952-EF53-4403-80A7-54F12C09A1AA}.Release|Any CPU.ActiveCfg = Release|Any CPU
		{A5C97952-EF53-4403-80A7-54F12C09A1AA}.Release|Any CPU.Build.0 = Release|Any CPU
		{9A924990-3A92-4053-8221-8463A711D5A3}.Debug|Any CPU.ActiveCfg = Debug|Any CPU
		{9A924990-3A92-4053-8221-8463A711D5A3}.Debug|Any CPU.Build.0 = Debug|Any CPU
		{9A924990-3A92-4053-8221-8463A711D5A3}.MonoDebug|Any CPU.ActiveCfg = Debug|Any CPU
		{9A924990-3A92-4053-8221-8463A711D5A3}.MonoDebug|Any CPU.Build.0 = Debug|Any CPU
		{9A924990-3A92-4053-8221-8463A711D5A3}.MonoRelease|Any CPU.ActiveCfg = Release|Any CPU
		{9A924990-3A92-4053-8221-8463A711D5A3}.MonoRelease|Any CPU.Build.0 = Release|Any CPU
		{9A924990-3A92-4053-8221-8463A711D5A3}.Release|Any CPU.ActiveCfg = Release|Any CPU
		{9A924990-3A92-4053-8221-8463A711D5A3}.Release|Any CPU.Build.0 = Release|Any CPU
		{A2BC3821-F5B1-4DBF-B303-F539D22954D2}.Debug|Any CPU.ActiveCfg = Debug|Any CPU
		{A2BC3821-F5B1-4DBF-B303-F539D22954D2}.Debug|Any CPU.Build.0 = Debug|Any CPU
		{A2BC3821-F5B1-4DBF-B303-F539D22954D2}.MonoDebug|Any CPU.ActiveCfg = Debug|Any CPU
		{A2BC3821-F5B1-4DBF-B303-F539D22954D2}.MonoDebug|Any CPU.Build.0 = Debug|Any CPU
		{A2BC3821-F5B1-4DBF-B303-F539D22954D2}.MonoRelease|Any CPU.ActiveCfg = Release|Any CPU
		{A2BC3821-F5B1-4DBF-B303-F539D22954D2}.MonoRelease|Any CPU.Build.0 = Release|Any CPU
		{A2BC3821-F5B1-4DBF-B303-F539D22954D2}.Release|Any CPU.ActiveCfg = Release|Any CPU
		{A2BC3821-F5B1-4DBF-B303-F539D22954D2}.Release|Any CPU.Build.0 = Release|Any CPU
		{23CB6DEC-7F0B-4C22-B8F5-E1588BF145C8}.Debug|Any CPU.ActiveCfg = Debug|Any CPU
		{23CB6DEC-7F0B-4C22-B8F5-E1588BF145C8}.Debug|Any CPU.Build.0 = Debug|Any CPU
		{23CB6DEC-7F0B-4C22-B8F5-E1588BF145C8}.MonoDebug|Any CPU.ActiveCfg = Debug|Any CPU
		{23CB6DEC-7F0B-4C22-B8F5-E1588BF145C8}.MonoDebug|Any CPU.Build.0 = Debug|Any CPU
		{23CB6DEC-7F0B-4C22-B8F5-E1588BF145C8}.MonoRelease|Any CPU.ActiveCfg = Release|Any CPU
		{23CB6DEC-7F0B-4C22-B8F5-E1588BF145C8}.MonoRelease|Any CPU.Build.0 = Release|Any CPU
		{23CB6DEC-7F0B-4C22-B8F5-E1588BF145C8}.Release|Any CPU.ActiveCfg = Release|Any CPU
		{23CB6DEC-7F0B-4C22-B8F5-E1588BF145C8}.Release|Any CPU.Build.0 = Release|Any CPU
		{B3FC511E-7D53-4543-B556-FB11D8DBA69F}.Debug|Any CPU.ActiveCfg = Debug|Any CPU
		{B3FC511E-7D53-4543-B556-FB11D8DBA69F}.Debug|Any CPU.Build.0 = Debug|Any CPU
		{B3FC511E-7D53-4543-B556-FB11D8DBA69F}.MonoDebug|Any CPU.ActiveCfg = Debug|Any CPU
		{B3FC511E-7D53-4543-B556-FB11D8DBA69F}.MonoDebug|Any CPU.Build.0 = Debug|Any CPU
		{B3FC511E-7D53-4543-B556-FB11D8DBA69F}.MonoRelease|Any CPU.ActiveCfg = Release|Any CPU
		{B3FC511E-7D53-4543-B556-FB11D8DBA69F}.MonoRelease|Any CPU.Build.0 = Release|Any CPU
		{B3FC511E-7D53-4543-B556-FB11D8DBA69F}.Release|Any CPU.ActiveCfg = Release|Any CPU
		{B3FC511E-7D53-4543-B556-FB11D8DBA69F}.Release|Any CPU.Build.0 = Release|Any CPU
		{A4B9AA59-B0AB-4EBD-BF07-B07875C35CC2}.Debug|Any CPU.ActiveCfg = Debug|Any CPU
		{A4B9AA59-B0AB-4EBD-BF07-B07875C35CC2}.Debug|Any CPU.Build.0 = Debug|Any CPU
		{A4B9AA59-B0AB-4EBD-BF07-B07875C35CC2}.MonoDebug|Any CPU.ActiveCfg = Debug|Any CPU
		{A4B9AA59-B0AB-4EBD-BF07-B07875C35CC2}.MonoDebug|Any CPU.Build.0 = Debug|Any CPU
		{A4B9AA59-B0AB-4EBD-BF07-B07875C35CC2}.MonoRelease|Any CPU.ActiveCfg = Release|Any CPU
		{A4B9AA59-B0AB-4EBD-BF07-B07875C35CC2}.MonoRelease|Any CPU.Build.0 = Release|Any CPU
		{A4B9AA59-B0AB-4EBD-BF07-B07875C35CC2}.Release|Any CPU.ActiveCfg = Release|Any CPU
		{A4B9AA59-B0AB-4EBD-BF07-B07875C35CC2}.Release|Any CPU.Build.0 = Release|Any CPU
		{360AE916-5047-4CA8-80A4-6D0F7465CCB1}.Debug|Any CPU.ActiveCfg = Debug|Any CPU
		{360AE916-5047-4CA8-80A4-6D0F7465CCB1}.Debug|Any CPU.Build.0 = Debug|Any CPU
		{360AE916-5047-4CA8-80A4-6D0F7465CCB1}.MonoDebug|Any CPU.ActiveCfg = Debug|Any CPU
		{360AE916-5047-4CA8-80A4-6D0F7465CCB1}.MonoDebug|Any CPU.Build.0 = Debug|Any CPU
		{360AE916-5047-4CA8-80A4-6D0F7465CCB1}.MonoRelease|Any CPU.ActiveCfg = Release|Any CPU
		{360AE916-5047-4CA8-80A4-6D0F7465CCB1}.MonoRelease|Any CPU.Build.0 = Release|Any CPU
		{360AE916-5047-4CA8-80A4-6D0F7465CCB1}.Release|Any CPU.ActiveCfg = Release|Any CPU
		{360AE916-5047-4CA8-80A4-6D0F7465CCB1}.Release|Any CPU.Build.0 = Release|Any CPU
		{C0D730B4-3816-4629-9C58-7350DE03758F}.Debug|Any CPU.ActiveCfg = Debug|Any CPU
		{C0D730B4-3816-4629-9C58-7350DE03758F}.Debug|Any CPU.Build.0 = Debug|Any CPU
		{C0D730B4-3816-4629-9C58-7350DE03758F}.MonoDebug|Any CPU.ActiveCfg = Debug|Any CPU
		{C0D730B4-3816-4629-9C58-7350DE03758F}.MonoDebug|Any CPU.Build.0 = Debug|Any CPU
		{C0D730B4-3816-4629-9C58-7350DE03758F}.MonoRelease|Any CPU.ActiveCfg = Release|Any CPU
		{C0D730B4-3816-4629-9C58-7350DE03758F}.MonoRelease|Any CPU.Build.0 = Release|Any CPU
		{C0D730B4-3816-4629-9C58-7350DE03758F}.Release|Any CPU.ActiveCfg = Release|Any CPU
		{C0D730B4-3816-4629-9C58-7350DE03758F}.Release|Any CPU.Build.0 = Release|Any CPU
		{38D5E427-D798-4ED8-8639-EBA9FA2AFC4A}.Debug|Any CPU.ActiveCfg = Debug|Any CPU
		{38D5E427-D798-4ED8-8639-EBA9FA2AFC4A}.Debug|Any CPU.Build.0 = Debug|Any CPU
		{38D5E427-D798-4ED8-8639-EBA9FA2AFC4A}.MonoDebug|Any CPU.ActiveCfg = Debug|Any CPU
		{38D5E427-D798-4ED8-8639-EBA9FA2AFC4A}.MonoDebug|Any CPU.Build.0 = Debug|Any CPU
		{38D5E427-D798-4ED8-8639-EBA9FA2AFC4A}.MonoRelease|Any CPU.ActiveCfg = Release|Any CPU
		{38D5E427-D798-4ED8-8639-EBA9FA2AFC4A}.MonoRelease|Any CPU.Build.0 = Release|Any CPU
		{38D5E427-D798-4ED8-8639-EBA9FA2AFC4A}.Release|Any CPU.ActiveCfg = Release|Any CPU
		{38D5E427-D798-4ED8-8639-EBA9FA2AFC4A}.Release|Any CPU.Build.0 = Release|Any CPU
		{DEB9D02B-0E9E-4239-B2CD-9E5CF5E5029F}.Debug|Any CPU.ActiveCfg = Debug|Any CPU
		{DEB9D02B-0E9E-4239-B2CD-9E5CF5E5029F}.Debug|Any CPU.Build.0 = Debug|Any CPU
		{DEB9D02B-0E9E-4239-B2CD-9E5CF5E5029F}.MonoDebug|Any CPU.ActiveCfg = Debug|Any CPU
		{DEB9D02B-0E9E-4239-B2CD-9E5CF5E5029F}.MonoDebug|Any CPU.Build.0 = Debug|Any CPU
		{DEB9D02B-0E9E-4239-B2CD-9E5CF5E5029F}.MonoRelease|Any CPU.ActiveCfg = Release|Any CPU
		{DEB9D02B-0E9E-4239-B2CD-9E5CF5E5029F}.MonoRelease|Any CPU.Build.0 = Release|Any CPU
		{DEB9D02B-0E9E-4239-B2CD-9E5CF5E5029F}.Release|Any CPU.ActiveCfg = Release|Any CPU
		{DEB9D02B-0E9E-4239-B2CD-9E5CF5E5029F}.Release|Any CPU.Build.0 = Release|Any CPU
		{299714F2-01B3-42F5-9862-C6F92BEA1AAB}.Debug|Any CPU.ActiveCfg = Debug|Any CPU
		{299714F2-01B3-42F5-9862-C6F92BEA1AAB}.Debug|Any CPU.Build.0 = Debug|Any CPU
		{299714F2-01B3-42F5-9862-C6F92BEA1AAB}.MonoDebug|Any CPU.ActiveCfg = Debug|Any CPU
		{299714F2-01B3-42F5-9862-C6F92BEA1AAB}.MonoDebug|Any CPU.Build.0 = Debug|Any CPU
		{299714F2-01B3-42F5-9862-C6F92BEA1AAB}.MonoRelease|Any CPU.ActiveCfg = Release|Any CPU
		{299714F2-01B3-42F5-9862-C6F92BEA1AAB}.MonoRelease|Any CPU.Build.0 = Release|Any CPU
		{299714F2-01B3-42F5-9862-C6F92BEA1AAB}.Release|Any CPU.ActiveCfg = Release|Any CPU
		{299714F2-01B3-42F5-9862-C6F92BEA1AAB}.Release|Any CPU.Build.0 = Release|Any CPU
		{06EF19E9-D14D-4022-AB6C-6702DD8B417C}.Debug|Any CPU.ActiveCfg = Debug|Any CPU
		{06EF19E9-D14D-4022-AB6C-6702DD8B417C}.Debug|Any CPU.Build.0 = Debug|Any CPU
		{06EF19E9-D14D-4022-AB6C-6702DD8B417C}.MonoDebug|Any CPU.ActiveCfg = Debug|Any CPU
		{06EF19E9-D14D-4022-AB6C-6702DD8B417C}.MonoDebug|Any CPU.Build.0 = Debug|Any CPU
		{06EF19E9-D14D-4022-AB6C-6702DD8B417C}.MonoRelease|Any CPU.ActiveCfg = Release|Any CPU
		{06EF19E9-D14D-4022-AB6C-6702DD8B417C}.MonoRelease|Any CPU.Build.0 = Release|Any CPU
		{06EF19E9-D14D-4022-AB6C-6702DD8B417C}.Release|Any CPU.ActiveCfg = Release|Any CPU
		{06EF19E9-D14D-4022-AB6C-6702DD8B417C}.Release|Any CPU.Build.0 = Release|Any CPU
		{667D9915-BEE7-4635-94C9-F0FA798ADFA8}.Debug|Any CPU.ActiveCfg = Debug|Any CPU
		{667D9915-BEE7-4635-94C9-F0FA798ADFA8}.Debug|Any CPU.Build.0 = Debug|Any CPU
		{667D9915-BEE7-4635-94C9-F0FA798ADFA8}.MonoDebug|Any CPU.ActiveCfg = Debug|Any CPU
		{667D9915-BEE7-4635-94C9-F0FA798ADFA8}.MonoDebug|Any CPU.Build.0 = Debug|Any CPU
		{667D9915-BEE7-4635-94C9-F0FA798ADFA8}.MonoRelease|Any CPU.ActiveCfg = Release|Any CPU
		{667D9915-BEE7-4635-94C9-F0FA798ADFA8}.MonoRelease|Any CPU.Build.0 = Release|Any CPU
		{667D9915-BEE7-4635-94C9-F0FA798ADFA8}.Release|Any CPU.ActiveCfg = Release|Any CPU
		{667D9915-BEE7-4635-94C9-F0FA798ADFA8}.Release|Any CPU.Build.0 = Release|Any CPU
		{0C2401E5-BAC0-437E-9EBF-507F0167ADFE}.Debug|Any CPU.ActiveCfg = Debug|Any CPU
		{0C2401E5-BAC0-437E-9EBF-507F0167ADFE}.Debug|Any CPU.Build.0 = Debug|Any CPU
		{0C2401E5-BAC0-437E-9EBF-507F0167ADFE}.MonoDebug|Any CPU.ActiveCfg = Debug|Any CPU
		{0C2401E5-BAC0-437E-9EBF-507F0167ADFE}.MonoDebug|Any CPU.Build.0 = Debug|Any CPU
		{0C2401E5-BAC0-437E-9EBF-507F0167ADFE}.MonoRelease|Any CPU.ActiveCfg = Release|Any CPU
		{0C2401E5-BAC0-437E-9EBF-507F0167ADFE}.MonoRelease|Any CPU.Build.0 = Release|Any CPU
		{0C2401E5-BAC0-437E-9EBF-507F0167ADFE}.Release|Any CPU.ActiveCfg = Release|Any CPU
		{0C2401E5-BAC0-437E-9EBF-507F0167ADFE}.Release|Any CPU.Build.0 = Release|Any CPU
		{BEB9EBCF-1F5A-4748-9DEA-F12FF6F2216B}.Debug|Any CPU.ActiveCfg = Debug|Any CPU
		{BEB9EBCF-1F5A-4748-9DEA-F12FF6F2216B}.Debug|Any CPU.Build.0 = Debug|Any CPU
		{BEB9EBCF-1F5A-4748-9DEA-F12FF6F2216B}.MonoDebug|Any CPU.ActiveCfg = Debug|Any CPU
		{BEB9EBCF-1F5A-4748-9DEA-F12FF6F2216B}.MonoDebug|Any CPU.Build.0 = Debug|Any CPU
		{BEB9EBCF-1F5A-4748-9DEA-F12FF6F2216B}.MonoRelease|Any CPU.ActiveCfg = Release|Any CPU
		{BEB9EBCF-1F5A-4748-9DEA-F12FF6F2216B}.MonoRelease|Any CPU.Build.0 = Release|Any CPU
		{BEB9EBCF-1F5A-4748-9DEA-F12FF6F2216B}.Release|Any CPU.ActiveCfg = Release|Any CPU
		{BEB9EBCF-1F5A-4748-9DEA-F12FF6F2216B}.Release|Any CPU.Build.0 = Release|Any CPU
		{6047B327-AB28-4625-94B3-50E5B5094C6D}.Debug|Any CPU.ActiveCfg = Debug|Any CPU
		{6047B327-AB28-4625-94B3-50E5B5094C6D}.Debug|Any CPU.Build.0 = Debug|Any CPU
		{6047B327-AB28-4625-94B3-50E5B5094C6D}.MonoDebug|Any CPU.ActiveCfg = Debug|Any CPU
		{6047B327-AB28-4625-94B3-50E5B5094C6D}.MonoDebug|Any CPU.Build.0 = Debug|Any CPU
		{6047B327-AB28-4625-94B3-50E5B5094C6D}.MonoRelease|Any CPU.ActiveCfg = Release|Any CPU
		{6047B327-AB28-4625-94B3-50E5B5094C6D}.MonoRelease|Any CPU.Build.0 = Release|Any CPU
		{6047B327-AB28-4625-94B3-50E5B5094C6D}.Release|Any CPU.ActiveCfg = Release|Any CPU
		{6047B327-AB28-4625-94B3-50E5B5094C6D}.Release|Any CPU.Build.0 = Release|Any CPU
		{7287A45B-4DB7-4675-BCE3-AF8C4D8F8FEC}.Debug|Any CPU.ActiveCfg = Debug|Any CPU
		{7287A45B-4DB7-4675-BCE3-AF8C4D8F8FEC}.Debug|Any CPU.Build.0 = Debug|Any CPU
		{7287A45B-4DB7-4675-BCE3-AF8C4D8F8FEC}.MonoDebug|Any CPU.ActiveCfg = Debug|Any CPU
		{7287A45B-4DB7-4675-BCE3-AF8C4D8F8FEC}.MonoDebug|Any CPU.Build.0 = Debug|Any CPU
		{7287A45B-4DB7-4675-BCE3-AF8C4D8F8FEC}.MonoRelease|Any CPU.ActiveCfg = Release|Any CPU
		{7287A45B-4DB7-4675-BCE3-AF8C4D8F8FEC}.MonoRelease|Any CPU.Build.0 = Release|Any CPU
		{7287A45B-4DB7-4675-BCE3-AF8C4D8F8FEC}.Release|Any CPU.ActiveCfg = Release|Any CPU
		{7287A45B-4DB7-4675-BCE3-AF8C4D8F8FEC}.Release|Any CPU.Build.0 = Release|Any CPU
		{9A45270F-D65F-402A-BE4A-9CB229ED3F5F}.Debug|Any CPU.ActiveCfg = Debug|Any CPU
		{9A45270F-D65F-402A-BE4A-9CB229ED3F5F}.Debug|Any CPU.Build.0 = Debug|Any CPU
		{9A45270F-D65F-402A-BE4A-9CB229ED3F5F}.MonoDebug|Any CPU.ActiveCfg = Debug|Any CPU
		{9A45270F-D65F-402A-BE4A-9CB229ED3F5F}.MonoDebug|Any CPU.Build.0 = Debug|Any CPU
		{9A45270F-D65F-402A-BE4A-9CB229ED3F5F}.MonoRelease|Any CPU.ActiveCfg = Release|Any CPU
		{9A45270F-D65F-402A-BE4A-9CB229ED3F5F}.MonoRelease|Any CPU.Build.0 = Release|Any CPU
		{9A45270F-D65F-402A-BE4A-9CB229ED3F5F}.Release|Any CPU.ActiveCfg = Release|Any CPU
		{9A45270F-D65F-402A-BE4A-9CB229ED3F5F}.Release|Any CPU.Build.0 = Release|Any CPU
		{86335666-B799-409A-9307-E7303AC0204B}.Debug|Any CPU.ActiveCfg = Debug|Any CPU
		{86335666-B799-409A-9307-E7303AC0204B}.Debug|Any CPU.Build.0 = Debug|Any CPU
		{86335666-B799-409A-9307-E7303AC0204B}.MonoDebug|Any CPU.ActiveCfg = Debug|Any CPU
		{86335666-B799-409A-9307-E7303AC0204B}.MonoDebug|Any CPU.Build.0 = Debug|Any CPU
		{86335666-B799-409A-9307-E7303AC0204B}.MonoRelease|Any CPU.ActiveCfg = Release|Any CPU
		{86335666-B799-409A-9307-E7303AC0204B}.MonoRelease|Any CPU.Build.0 = Release|Any CPU
		{86335666-B799-409A-9307-E7303AC0204B}.Release|Any CPU.ActiveCfg = Release|Any CPU
		{86335666-B799-409A-9307-E7303AC0204B}.Release|Any CPU.Build.0 = Release|Any CPU
		{B98FEFC8-6389-4533-9954-DE2BB76FFD10}.Debug|Any CPU.ActiveCfg = Debug|Any CPU
		{B98FEFC8-6389-4533-9954-DE2BB76FFD10}.Debug|Any CPU.Build.0 = Debug|Any CPU
		{B98FEFC8-6389-4533-9954-DE2BB76FFD10}.MonoDebug|Any CPU.ActiveCfg = Debug|Any CPU
		{B98FEFC8-6389-4533-9954-DE2BB76FFD10}.MonoDebug|Any CPU.Build.0 = Debug|Any CPU
		{B98FEFC8-6389-4533-9954-DE2BB76FFD10}.MonoRelease|Any CPU.ActiveCfg = Release|Any CPU
		{B98FEFC8-6389-4533-9954-DE2BB76FFD10}.MonoRelease|Any CPU.Build.0 = Release|Any CPU
		{B98FEFC8-6389-4533-9954-DE2BB76FFD10}.Release|Any CPU.ActiveCfg = Release|Any CPU
		{B98FEFC8-6389-4533-9954-DE2BB76FFD10}.Release|Any CPU.Build.0 = Release|Any CPU
	EndGlobalSection
	GlobalSection(SolutionProperties) = preSolution
		HideSolutionNode = FALSE
	EndGlobalSection
	GlobalSection(NestedProjects) = preSolution
		{A5C97952-EF53-4403-80A7-54F12C09A1AA} = {A42F8863-4C95-4EDB-911B-6E936158B24D}
		{9A924990-3A92-4053-8221-8463A711D5A3} = {A42F8863-4C95-4EDB-911B-6E936158B24D}
		{A2BC3821-F5B1-4DBF-B303-F539D22954D2} = {A42F8863-4C95-4EDB-911B-6E936158B24D}
		{23CB6DEC-7F0B-4C22-B8F5-E1588BF145C8} = {DC24B6CA-4460-481D-A8DC-E603139B2CD7}
		{B3FC511E-7D53-4543-B556-FB11D8DBA69F} = {34A52EB5-914F-4E5F-AEEB-625912183AAB}
		{A4B9AA59-B0AB-4EBD-BF07-B07875C35CC2} = {28BEAC02-96FE-431C-83F3-3EF672473EF8}
		{360AE916-5047-4CA8-80A4-6D0F7465CCB1} = {D74B9B15-40CF-4E76-9FD7-D0303F43580E}
		{C0D730B4-3816-4629-9C58-7350DE03758F} = {D74B9B15-40CF-4E76-9FD7-D0303F43580E}
		{38D5E427-D798-4ED8-8639-EBA9FA2AFC4A} = {8149B377-FEDD-46D9-9888-8F98186CED55}
		{DEB9D02B-0E9E-4239-B2CD-9E5CF5E5029F} = {1065A822-E3DB-40A7-A61B-5B16D5A251FD}
		{299714F2-01B3-42F5-9862-C6F92BEA1AAB} = {1065A822-E3DB-40A7-A61B-5B16D5A251FD}
		{06EF19E9-D14D-4022-AB6C-6702DD8B417C} = {1065A822-E3DB-40A7-A61B-5B16D5A251FD}
		{667D9915-BEE7-4635-94C9-F0FA798ADFA8} = {5547B2A8-6782-4576-82FA-3405B4CC4B26}
		{0C2401E5-BAC0-437E-9EBF-507F0167ADFE} = {DC24B6CA-4460-481D-A8DC-E603139B2CD7}
		{BEB9EBCF-1F5A-4748-9DEA-F12FF6F2216B} = {DC24B6CA-4460-481D-A8DC-E603139B2CD7}
		{6047B327-AB28-4625-94B3-50E5B5094C6D} = {34A52EB5-914F-4E5F-AEEB-625912183AAB}
		{7287A45B-4DB7-4675-BCE3-AF8C4D8F8FEC} = {5102BFA0-DEA9-4782-BFEB-CAD6B69941E0}
		{9A45270F-D65F-402A-BE4A-9CB229ED3F5F} = {DC24B6CA-4460-481D-A8DC-E603139B2CD7}
		{86335666-B799-409A-9307-E7303AC0204B} = {28BEAC02-96FE-431C-83F3-3EF672473EF8}
		{B98FEFC8-6389-4533-9954-DE2BB76FFD10} = {D74B9B15-40CF-4E76-9FD7-D0303F43580E}
	EndGlobalSection
EndGlobal
